
Microsoft Visual Studio Solution File, Format Version 12.00
# Visual Studio Version 17
VisualStudioVersion = 17.11.35219.272
MinimumVisualStudioVersion = 10.0.40219.1
Project("{FAE04EC0-301F-11D3-BF4B-00C04F79EFBC}") = "TDDiglem", "TDDiglem\TDDiglem.csproj", "{CA2A9E5D-0870-4A0D-8063-C5C815FF8594}"
EndProject
Global
	GlobalSection(SolutionConfigurationPlatforms) = preSolution
		Debug|Any CPU = Debug|Any CPU
		Release|Any CPU = Release|Any CPU
	EndGlobalSection
	GlobalSection(ProjectConfigurationPlatforms) = postSolution
		{CA2A9E5D-0870-4A0D-8063-C5C815FF8594}.Debug|Any CPU.ActiveCfg = Debug|Any CPU
		{CA2A9E5D-0870-4A0D-8063-C5C815FF8594}.Debug|Any CPU.Build.0 = Debug|Any CPU
		{CA2A9E5D-0870-4A0D-8063-C5C815FF8594}.Release|Any CPU.ActiveCfg = Release|Any CPU
		{CA2A9E5D-0870-4A0D-8063-C5C815FF8594}.Release|Any CPU.Build.0 = Release|Any CPU
	EndGlobalSection
	GlobalSection(SolutionProperties) = preSolution
		HideSolutionNode = FALSE
	EndGlobalSection
	GlobalSection(ExtensibilityGlobals) = postSolution
		SolutionGuid = {BC93F93E-301A-484C-9592-70ADFDFB48A6}
	EndGlobalSection
EndGlobal
